
Microsoft Visual Studio Solution File, Format Version 12.00
# Visual Studio 2012
Project("{FAE04EC0-301F-11D3-BF4B-00C04F79EFBC}") = "IDNumberValidation", "Projects\IDNumberValidation\IDNumberValidation.csproj", "{18024DC3-D63D-433F-87EB-0E884450305C}"
EndProject
Global
	GlobalSection(SolutionConfigurationPlatforms) = preSolution
		Debug|Any CPU = Debug|Any CPU
		Release|Any CPU = Release|Any CPU
	EndGlobalSection
	GlobalSection(ProjectConfigurationPlatforms) = postSolution
		{18024DC3-D63D-433F-87EB-0E884450305C}.Debug|Any CPU.ActiveCfg = Debug|Any CPU
		{18024DC3-D63D-433F-87EB-0E884450305C}.Debug|Any CPU.Build.0 = Debug|Any CPU
		{18024DC3-D63D-433F-87EB-0E884450305C}.Release|Any CPU.ActiveCfg = Release|Any CPU
		{18024DC3-D63D-433F-87EB-0E884450305C}.Release|Any CPU.Build.0 = Release|Any CPU
	EndGlobalSection
	GlobalSection(SolutionProperties) = preSolution
		HideSolutionNode = FALSE
	EndGlobalSection
EndGlobal
